
Microsoft Visual Studio Solution File, Format Version 12.00
# Visual Studio Version 16
VisualStudioVersion = 16.0.29215.179
MinimumVisualStudioVersion = 10.0.40219.1
Project("{FAE04EC0-301F-11D3-BF4B-00C04F79EFBC}") = "replaceBanana", "replaceBanana\replaceBanana.csproj", "{B2FE8B70-B885-4460-AFF6-8DD6DE94191C}"
EndProject
Global
	GlobalSection(SolutionConfigurationPlatforms) = preSolution
		Debug|Any CPU = Debug|Any CPU
		Release|Any CPU = Release|Any CPU
	EndGlobalSection
	GlobalSection(ProjectConfigurationPlatforms) = postSolution
		{B2FE8B70-B885-4460-AFF6-8DD6DE94191C}.Debug|Any CPU.ActiveCfg = Debug|Any CPU
		{B2FE8B70-B885-4460-AFF6-8DD6DE94191C}.Debug|Any CPU.Build.0 = Debug|Any CPU
		{B2FE8B70-B885-4460-AFF6-8DD6DE94191C}.Release|Any CPU.ActiveCfg = Release|Any CPU
		{B2FE8B70-B885-4460-AFF6-8DD6DE94191C}.Release|Any CPU.Build.0 = Release|Any CPU
	EndGlobalSection
	GlobalSection(SolutionProperties) = preSolution
		HideSolutionNode = FALSE
	EndGlobalSection
	GlobalSection(ExtensibilityGlobals) = postSolution
		SolutionGuid = {2894BC35-7957-42F3-9817-5E4B7AC9B74C}
	EndGlobalSection
EndGlobal
