
Microsoft Visual Studio Solution File, Format Version 12.00
# Visual Studio Version 16
VisualStudioVersion = 16.0.29306.81
MinimumVisualStudioVersion = 10.0.40219.1
Project("{FAE04EC0-301F-11D3-BF4B-00C04F79EFBC}") = "ForeachNaLista", "ForeachNaLista\ForeachNaLista.csproj", "{911B1E32-E949-491A-9A30-3179BC9D4D14}"
EndProject
Project("{FAE04EC0-301F-11D3-BF4B-00C04F79EFBC}") = "PublicMetod", "PublicMetod\PublicMetod.csproj", "{3CB345E4-BA7E-496A-83E7-061572F376C0}"
EndProject
Project("{FAE04EC0-301F-11D3-BF4B-00C04F79EFBC}") = "ConversorMonetario", "ConversorMonetario\ConversorMonetario.csproj", "{C9610538-B65B-4F6B-B24C-EA514C128903}"
EndProject
Global
	GlobalSection(SolutionConfigurationPlatforms) = preSolution
		Debug|Any CPU = Debug|Any CPU
		Release|Any CPU = Release|Any CPU
	EndGlobalSection
	GlobalSection(ProjectConfigurationPlatforms) = postSolution
		{911B1E32-E949-491A-9A30-3179BC9D4D14}.Debug|Any CPU.ActiveCfg = Debug|Any CPU
		{911B1E32-E949-491A-9A30-3179BC9D4D14}.Debug|Any CPU.Build.0 = Debug|Any CPU
		{911B1E32-E949-491A-9A30-3179BC9D4D14}.Release|Any CPU.ActiveCfg = Release|Any CPU
		{911B1E32-E949-491A-9A30-3179BC9D4D14}.Release|Any CPU.Build.0 = Release|Any CPU
		{3CB345E4-BA7E-496A-83E7-061572F376C0}.Debug|Any CPU.ActiveCfg = Debug|Any CPU
		{3CB345E4-BA7E-496A-83E7-061572F376C0}.Debug|Any CPU.Build.0 = Debug|Any CPU
		{3CB345E4-BA7E-496A-83E7-061572F376C0}.Release|Any CPU.ActiveCfg = Release|Any CPU
		{3CB345E4-BA7E-496A-83E7-061572F376C0}.Release|Any CPU.Build.0 = Release|Any CPU
		{C9610538-B65B-4F6B-B24C-EA514C128903}.Debug|Any CPU.ActiveCfg = Debug|Any CPU
		{C9610538-B65B-4F6B-B24C-EA514C128903}.Debug|Any CPU.Build.0 = Debug|Any CPU
		{C9610538-B65B-4F6B-B24C-EA514C128903}.Release|Any CPU.ActiveCfg = Release|Any CPU
		{C9610538-B65B-4F6B-B24C-EA514C128903}.Release|Any CPU.Build.0 = Release|Any CPU
	EndGlobalSection
	GlobalSection(SolutionProperties) = preSolution
		HideSolutionNode = FALSE
	EndGlobalSection
	GlobalSection(ExtensibilityGlobals) = postSolution
		SolutionGuid = {3F0D7949-5E67-470C-8AFD-555672793AAA}
	EndGlobalSection
EndGlobal
