
Microsoft Visual Studio Solution File, Format Version 12.00
# Visual Studio Version 16
VisualStudioVersion = 16.0.29020.237
MinimumVisualStudioVersion = 10.0.40219.1
Project("{FAE04EC0-301F-11D3-BF4B-00C04F79EFBC}") = "ListarCarrosDoAmigo", "ListarCarrosDoAmigo\ListarCarrosDoAmigo.csproj", "{C4420A59-EA35-4150-B39D-A1EFF9228552}"
EndProject
Global
	GlobalSection(SolutionConfigurationPlatforms) = preSolution
		Debug|Any CPU = Debug|Any CPU
		Release|Any CPU = Release|Any CPU
	EndGlobalSection
	GlobalSection(ProjectConfigurationPlatforms) = postSolution
		{C4420A59-EA35-4150-B39D-A1EFF9228552}.Debug|Any CPU.ActiveCfg = Debug|Any CPU
		{C4420A59-EA35-4150-B39D-A1EFF9228552}.Debug|Any CPU.Build.0 = Debug|Any CPU
		{C4420A59-EA35-4150-B39D-A1EFF9228552}.Release|Any CPU.ActiveCfg = Release|Any CPU
		{C4420A59-EA35-4150-B39D-A1EFF9228552}.Release|Any CPU.Build.0 = Release|Any CPU
	EndGlobalSection
	GlobalSection(SolutionProperties) = preSolution
		HideSolutionNode = FALSE
	EndGlobalSection
	GlobalSection(ExtensibilityGlobals) = postSolution
		SolutionGuid = {BC62F8EB-BF46-4F38-8C05-0A57F0625A40}
	EndGlobalSection
EndGlobal
