
Microsoft Visual Studio Solution File, Format Version 12.00
# Visual Studio Version 16
VisualStudioVersion = 16.0.29215.179
MinimumVisualStudioVersion = 10.0.40219.1
Project("{FAE04EC0-301F-11D3-BF4B-00C04F79EFBC}") = "meu projeto 3", "meu projeto 3\meu projeto 3.csproj", "{354FA36B-EC39-4819-86DA-6844C62FFE1D}"
EndProject
Global
	GlobalSection(SolutionConfigurationPlatforms) = preSolution
		Debug|Any CPU = Debug|Any CPU
		Release|Any CPU = Release|Any CPU
	EndGlobalSection
	GlobalSection(ProjectConfigurationPlatforms) = postSolution
		{354FA36B-EC39-4819-86DA-6844C62FFE1D}.Debug|Any CPU.ActiveCfg = Debug|Any CPU
		{354FA36B-EC39-4819-86DA-6844C62FFE1D}.Debug|Any CPU.Build.0 = Debug|Any CPU
		{354FA36B-EC39-4819-86DA-6844C62FFE1D}.Release|Any CPU.ActiveCfg = Release|Any CPU
		{354FA36B-EC39-4819-86DA-6844C62FFE1D}.Release|Any CPU.Build.0 = Release|Any CPU
	EndGlobalSection
	GlobalSection(SolutionProperties) = preSolution
		HideSolutionNode = FALSE
	EndGlobalSection
	GlobalSection(ExtensibilityGlobals) = postSolution
		SolutionGuid = {48A97B9C-D614-4DF1-8910-F9FD01FF65B6}
	EndGlobalSection
EndGlobal
