
Microsoft Visual Studio Solution File, Format Version 12.00
# Visual Studio Version 16
VisualStudioVersion = 16.0.29403.142
MinimumVisualStudioVersion = 10.0.40219.1
Project("{FAE04EC0-301F-11D3-BF4B-00C04F79EFBC}") = "CodeFirstTeste", "CodeFirstTeste\CodeFirstTeste.csproj", "{47C0AAA3-C4AC-403A-96E9-1B662486841F}"
EndProject
Project("{FAE04EC0-301F-11D3-BF4B-00C04F79EFBC}") = "VisualizarCerveja", "VisualizarCerveja\VisualizarCerveja.csproj", "{98CB0DAB-5C03-43A0-8376-0320A346133A}"
EndProject
Global
	GlobalSection(SolutionConfigurationPlatforms) = preSolution
		Debug|Any CPU = Debug|Any CPU
		Release|Any CPU = Release|Any CPU
	EndGlobalSection
	GlobalSection(ProjectConfigurationPlatforms) = postSolution
		{47C0AAA3-C4AC-403A-96E9-1B662486841F}.Debug|Any CPU.ActiveCfg = Debug|Any CPU
		{47C0AAA3-C4AC-403A-96E9-1B662486841F}.Debug|Any CPU.Build.0 = Debug|Any CPU
		{47C0AAA3-C4AC-403A-96E9-1B662486841F}.Release|Any CPU.ActiveCfg = Release|Any CPU
		{47C0AAA3-C4AC-403A-96E9-1B662486841F}.Release|Any CPU.Build.0 = Release|Any CPU
		{98CB0DAB-5C03-43A0-8376-0320A346133A}.Debug|Any CPU.ActiveCfg = Debug|Any CPU
		{98CB0DAB-5C03-43A0-8376-0320A346133A}.Debug|Any CPU.Build.0 = Debug|Any CPU
		{98CB0DAB-5C03-43A0-8376-0320A346133A}.Release|Any CPU.ActiveCfg = Release|Any CPU
		{98CB0DAB-5C03-43A0-8376-0320A346133A}.Release|Any CPU.Build.0 = Release|Any CPU
	EndGlobalSection
	GlobalSection(SolutionProperties) = preSolution
		HideSolutionNode = FALSE
	EndGlobalSection
	GlobalSection(ExtensibilityGlobals) = postSolution
		SolutionGuid = {3092A138-2C75-498F-933E-25D63523A0E2}
	EndGlobalSection
EndGlobal
