
Microsoft Visual Studio Solution File, Format Version 12.00
# Visual Studio Version 16
VisualStudioVersion = 16.0.29411.108
MinimumVisualStudioVersion = 10.0.40219.1
Project("{FAE04EC0-301F-11D3-BF4B-00C04F79EFBC}") = "CalculandoIdade", "CalculandoIdade\CalculandoIdade.csproj", "{58790654-23FC-4486-96EF-9C40F7E79ED2}"
EndProject
Global
	GlobalSection(SolutionConfigurationPlatforms) = preSolution
		Debug|Any CPU = Debug|Any CPU
		Release|Any CPU = Release|Any CPU
	EndGlobalSection
	GlobalSection(ProjectConfigurationPlatforms) = postSolution
		{58790654-23FC-4486-96EF-9C40F7E79ED2}.Debug|Any CPU.ActiveCfg = Debug|Any CPU
		{58790654-23FC-4486-96EF-9C40F7E79ED2}.Debug|Any CPU.Build.0 = Debug|Any CPU
		{58790654-23FC-4486-96EF-9C40F7E79ED2}.Release|Any CPU.ActiveCfg = Release|Any CPU
		{58790654-23FC-4486-96EF-9C40F7E79ED2}.Release|Any CPU.Build.0 = Release|Any CPU
	EndGlobalSection
	GlobalSection(SolutionProperties) = preSolution
		HideSolutionNode = FALSE
	EndGlobalSection
	GlobalSection(ExtensibilityGlobals) = postSolution
		SolutionGuid = {591C2262-A0AB-4F8E-8E52-76E670508D8C}
	EndGlobalSection
EndGlobal
