
Microsoft Visual Studio Solution File, Format Version 12.00
# Visual Studio Version 16
VisualStudioVersion = 16.0.29403.142
MinimumVisualStudioVersion = 10.0.40219.1
Project("{FAE04EC0-301F-11D3-BF4B-00C04F79EFBC}") = "BancoBike", "BancoBike\BancoBike.csproj", "{C9C4C5FE-04DB-46D3-BC95-276CCFE75903}"
EndProject
Project("{FAE04EC0-301F-11D3-BF4B-00C04F79EFBC}") = "InterfaceBicicleta", "InterfaceBicicleta\InterfaceBicicleta.csproj", "{56C89AA7-A8D0-41A2-90FB-6584244D49C0}"
EndProject
Global
	GlobalSection(SolutionConfigurationPlatforms) = preSolution
		Debug|Any CPU = Debug|Any CPU
		Release|Any CPU = Release|Any CPU
	EndGlobalSection
	GlobalSection(ProjectConfigurationPlatforms) = postSolution
		{C9C4C5FE-04DB-46D3-BC95-276CCFE75903}.Debug|Any CPU.ActiveCfg = Debug|Any CPU
		{C9C4C5FE-04DB-46D3-BC95-276CCFE75903}.Debug|Any CPU.Build.0 = Debug|Any CPU
		{C9C4C5FE-04DB-46D3-BC95-276CCFE75903}.Release|Any CPU.ActiveCfg = Release|Any CPU
		{C9C4C5FE-04DB-46D3-BC95-276CCFE75903}.Release|Any CPU.Build.0 = Release|Any CPU
		{56C89AA7-A8D0-41A2-90FB-6584244D49C0}.Debug|Any CPU.ActiveCfg = Debug|Any CPU
		{56C89AA7-A8D0-41A2-90FB-6584244D49C0}.Debug|Any CPU.Build.0 = Debug|Any CPU
		{56C89AA7-A8D0-41A2-90FB-6584244D49C0}.Release|Any CPU.ActiveCfg = Release|Any CPU
		{56C89AA7-A8D0-41A2-90FB-6584244D49C0}.Release|Any CPU.Build.0 = Release|Any CPU
	EndGlobalSection
	GlobalSection(SolutionProperties) = preSolution
		HideSolutionNode = FALSE
	EndGlobalSection
	GlobalSection(ExtensibilityGlobals) = postSolution
		SolutionGuid = {E5B8EF38-8F56-40DD-A192-F08515086A2A}
	EndGlobalSection
EndGlobal
