
Microsoft Visual Studio Solution File, Format Version 12.00
# Visual Studio Version 16
VisualStudioVersion = 16.0.29020.237
MinimumVisualStudioVersion = 10.0.40219.1
Project("{FAE04EC0-301F-11D3-BF4B-00C04F79EFBC}") = "EntityClass", "EntityClass\EntityClass.csproj", "{94170DBC-1281-42D6-ADD4-90EB8A8EED7E}"
EndProject
Project("{FAE04EC0-301F-11D3-BF4B-00C04F79EFBC}") = "AcessandoOEntity", "AcessandoOEntity\AcessandoOEntity.csproj", "{9DD60563-4A4C-4394-805C-92EBEE40C263}"
EndProject
Global
	GlobalSection(SolutionConfigurationPlatforms) = preSolution
		Debug|Any CPU = Debug|Any CPU
		Release|Any CPU = Release|Any CPU
	EndGlobalSection
	GlobalSection(ProjectConfigurationPlatforms) = postSolution
		{94170DBC-1281-42D6-ADD4-90EB8A8EED7E}.Debug|Any CPU.ActiveCfg = Debug|Any CPU
		{94170DBC-1281-42D6-ADD4-90EB8A8EED7E}.Debug|Any CPU.Build.0 = Debug|Any CPU
		{94170DBC-1281-42D6-ADD4-90EB8A8EED7E}.Release|Any CPU.ActiveCfg = Release|Any CPU
		{94170DBC-1281-42D6-ADD4-90EB8A8EED7E}.Release|Any CPU.Build.0 = Release|Any CPU
		{9DD60563-4A4C-4394-805C-92EBEE40C263}.Debug|Any CPU.ActiveCfg = Debug|Any CPU
		{9DD60563-4A4C-4394-805C-92EBEE40C263}.Debug|Any CPU.Build.0 = Debug|Any CPU
		{9DD60563-4A4C-4394-805C-92EBEE40C263}.Release|Any CPU.ActiveCfg = Release|Any CPU
		{9DD60563-4A4C-4394-805C-92EBEE40C263}.Release|Any CPU.Build.0 = Release|Any CPU
	EndGlobalSection
	GlobalSection(SolutionProperties) = preSolution
		HideSolutionNode = FALSE
	EndGlobalSection
	GlobalSection(ExtensibilityGlobals) = postSolution
		SolutionGuid = {21787E44-525A-44E8-BDA1-A3A6EA88DD5B}
	EndGlobalSection
EndGlobal
